
Microsoft Visual Studio Solution File, Format Version 12.00
# Visual Studio Version 17
VisualStudioVersion = 17.0.32112.339
MinimumVisualStudioVersion = 10.0.40219.1
Project("{FAE04EC0-301F-11D3-BF4B-00C04F79EFBC}") = "IdentityServer", "IdentityServer\IdentityServer.csproj", "{E7F03CA3-0FBA-4903-BCCD-1843FE9C0738}"
EndProject
Project("{FAE04EC0-301F-11D3-BF4B-00C04F79EFBC}") = "Demo.Api", "Demo.Api\Demo.Api.csproj", "{48F2C556-735F-4FAF-8F3D-2F83EC3F6283}"
EndProject
Project("{FAE04EC0-301F-11D3-BF4B-00C04F79EFBC}") = "Client", "Client\Client.csproj", "{BF3755F5-1FDC-4930-9D73-02F25B79A67E}"
EndProject
Global
	GlobalSection(SolutionConfigurationPlatforms) = preSolution
		Debug|Any CPU = Debug|Any CPU
		Release|Any CPU = Release|Any CPU
	EndGlobalSection
	GlobalSection(ProjectConfigurationPlatforms) = postSolution
		{E7F03CA3-0FBA-4903-BCCD-1843FE9C0738}.Debug|Any CPU.ActiveCfg = Debug|Any CPU
		{E7F03CA3-0FBA-4903-BCCD-1843FE9C0738}.Debug|Any CPU.Build.0 = Debug|Any CPU
		{E7F03CA3-0FBA-4903-BCCD-1843FE9C0738}.Release|Any CPU.ActiveCfg = Release|Any CPU
		{E7F03CA3-0FBA-4903-BCCD-1843FE9C0738}.Release|Any CPU.Build.0 = Release|Any CPU
		{48F2C556-735F-4FAF-8F3D-2F83EC3F6283}.Debug|Any CPU.ActiveCfg = Debug|Any CPU
		{48F2C556-735F-4FAF-8F3D-2F83EC3F6283}.Debug|Any CPU.Build.0 = Debug|Any CPU
		{48F2C556-735F-4FAF-8F3D-2F83EC3F6283}.Release|Any CPU.ActiveCfg = Release|Any CPU
		{48F2C556-735F-4FAF-8F3D-2F83EC3F6283}.Release|Any CPU.Build.0 = Release|Any CPU
		{BF3755F5-1FDC-4930-9D73-02F25B79A67E}.Debug|Any CPU.ActiveCfg = Debug|Any CPU
		{BF3755F5-1FDC-4930-9D73-02F25B79A67E}.Debug|Any CPU.Build.0 = Debug|Any CPU
		{BF3755F5-1FDC-4930-9D73-02F25B79A67E}.Release|Any CPU.ActiveCfg = Release|Any CPU
		{BF3755F5-1FDC-4930-9D73-02F25B79A67E}.Release|Any CPU.Build.0 = Release|Any CPU
	EndGlobalSection
	GlobalSection(SolutionProperties) = preSolution
		HideSolutionNode = FALSE
	EndGlobalSection
	GlobalSection(ExtensibilityGlobals) = postSolution
		SolutionGuid = {B63A472A-3B08-4274-B7CF-EB69F7ECE31C}
	EndGlobalSection
EndGlobal
